<?xml version="1.0" encoding="utf-8"?>
<Project ToolsVersion="4.0" xmlns="http://schemas.microsoft.com/developer/msbuild/2003">
  <ItemGroup>
    <Filter Include="Archivos de origen">
      <UniqueIdentifier>{4FC737F1-C7A5-4376-A066-2A32D752A2FF}</UniqueIdentifier>
      <Extensions>cpp;c;cc;cxx;def;odl;idl;hpj;bat;asm;asmx</Extensions>
    </Filter>
    <Filter Include="Archivos de encabezado">
      <UniqueIdentifier>{93995380-89BD-4b04-88EB-625FBE52EBFB}</UniqueIdentifier>
      <Extensions>h;hh;hpp;hxx;hm;inl;inc;ipp;xsd</Extensions>
    </Filter>
    <Filter Include="Archivos de recursos">
      <UniqueIdentifier>{67DA6AB6-F800-4c08-8B7A-83BB121AAD01}</UniqueIdentifier>
      <Extensions>rc;ico;cur;bmp;dlg;rc2;rct;bin;rgs;gif;jpg;jpeg;jpe;resx;tiff;tif;png;wav;mfcribbon-ms</Extensions>
    </Filter>
    <Filter Include="Archivos de encabezado\ImGui">
      <UniqueIdentifier>{f46d6bf0-4717-4fcc-bb03-6afc09fe765a}</UniqueIdentifier>
    </Filter>
    <Filter Include="Archivos de origen\ImGui">
      <UniqueIdentifier>{cfaf8295-3119-4444-bba1-1e320924d866}</UniqueIdentifier>
    </Filter>
  </ItemGroup>
  <ItemGroup>
    <ClCompile Include="..\src\main.cpp">
      <Filter>Archivos de origen</Filter>
    </ClCompile>
    <ClCompile Include="..\src\objLoader.cpp">
      <Filter>Archivos de origen</Filter>
    </ClCompile>
    <ClCompile Include="..\src\glut_geometry.cpp">
      <Filter>Archivos de origen</Filter>
    </ClCompile>
    <ClCompile Include="..\src\escena.cpp">
      <Filter>Archivos de origen</Filter>
    </ClCompile>
    <ClCompile Include="..\src\visualitzacio.cpp">
      <Filter>Archivos de origen</Filter>
    </ClCompile>
    <ClCompile Include="..\src\material.cpp">
      <Filter>Archivos de origen</Filter>
    </ClCompile>
    <ClCompile Include="..\src\shader.cpp">
      <Filter>Archivos de origen</Filter>
    </ClCompile>
    <ClCompile Include="..\include\ImGui\imgui.cpp">
      <Filter>Archivos de origen\ImGui</Filter>
    </ClCompile>
    <ClCompile Include="..\include\ImGui\imgui_demo.cpp">
      <Filter>Archivos de origen\ImGui</Filter>
    </ClCompile>
    <ClCompile Include="..\include\ImGui\imgui_draw.cpp">
      <Filter>Archivos de origen\ImGui</Filter>
    </ClCompile>
    <ClCompile Include="..\include\ImGui\imgui_impl_glfw.cpp">
      <Filter>Archivos de origen\ImGui</Filter>
    </ClCompile>
    <ClCompile Include="..\include\ImGui\imgui_impl_opengl3.cpp">
      <Filter>Archivos de origen\ImGui</Filter>
    </ClCompile>
    <ClCompile Include="..\include\ImGui\imgui_tables.cpp">
      <Filter>Archivos de origen\ImGui</Filter>
    </ClCompile>
    <ClCompile Include="..\include\ImGui\imgui_widgets.cpp">
      <Filter>Archivos de origen\ImGui</Filter>
    </ClCompile>
    <ClCompile Include="..\src\game.cpp">
      <Filter>Archivos de origen</Filter>
    </ClCompile>
  </ItemGroup>
  <ItemGroup>
    <ClInclude Include="..\src\constants.h">
      <Filter>Archivos de encabezado</Filter>
    </ClInclude>
    <ClInclude Include="..\src\stdafx.h">
      <Filter>Archivos de encabezado</Filter>
    </ClInclude>
    <ClInclude Include="..\src\main.h">
      <Filter>Archivos de encabezado</Filter>
    </ClInclude>
    <ClInclude Include="..\src\objLoader.h">
      <Filter>Archivos de encabezado</Filter>
    </ClInclude>
    <ClInclude Include="..\src\glut_geometry.h">
      <Filter>Archivos de encabezado</Filter>
    </ClInclude>
    <ClInclude Include="..\src\escena.h">
      <Filter>Archivos de encabezado</Filter>
    </ClInclude>
    <ClInclude Include="..\src\visualitzacio.h">
      <Filter>Archivos de encabezado</Filter>
    </ClInclude>
    <ClInclude Include="..\src\material.h">
      <Filter>Archivos de encabezado</Filter>
    </ClInclude>
    <ClInclude Include="..\src\shader.h">
      <Filter>Archivos de encabezado</Filter>
    </ClInclude>
    <ClInclude Include="..\include\ImGui\imconfig.h">
      <Filter>Archivos de encabezado\ImGui</Filter>
    </ClInclude>
    <ClInclude Include="..\include\ImGui\imgui.h">
      <Filter>Archivos de encabezado\ImGui</Filter>
    </ClInclude>
    <ClInclude Include="..\include\ImGui\imgui_impl_glfw.h">
      <Filter>Archivos de encabezado\ImGui</Filter>
    </ClInclude>
    <ClInclude Include="..\include\ImGui\imgui_impl_opengl3.h">
      <Filter>Archivos de encabezado\ImGui</Filter>
    </ClInclude>
    <ClInclude Include="..\include\ImGui\imgui_impl_opengl3_loader.h">
      <Filter>Archivos de encabezado\ImGui</Filter>
    </ClInclude>
    <ClInclude Include="..\include\ImGui\imgui_internal.h">
      <Filter>Archivos de encabezado\ImGui</Filter>
    </ClInclude>
    <ClInclude Include="..\include\ImGui\imstb_rectpack.h">
      <Filter>Archivos de encabezado\ImGui</Filter>
    </ClInclude>
    <ClInclude Include="..\include\ImGui\imstb_textedit.h">
      <Filter>Archivos de encabezado\ImGui</Filter>
    </ClInclude>
    <ClInclude Include="..\src\game.h">
      <Filter>Archivos de encabezado</Filter>
    </ClInclude>
  </ItemGroup>
</Project>